
Microsoft Visual Studio Solution File, Format Version 12.00
# Visual Studio Version 16
VisualStudioVersion = 16.0.31129.286
MinimumVisualStudioVersion = 10.0.40219.1
Project("{FAE04EC0-301F-11D3-BF4B-00C04F79EFBC}") = "Priority_Schedular", "Priority_Schedular.csproj", "{5CC13BDC-A457-45DB-8240-E5719BC146C7}"
EndProject
Global
	GlobalSection(SolutionConfigurationPlatforms) = preSolution
		Debug|Any CPU = Debug|Any CPU
		Release|Any CPU = Release|Any CPU
	EndGlobalSection
	GlobalSection(ProjectConfigurationPlatforms) = postSolution
		{5CC13BDC-A457-45DB-8240-E5719BC146C7}.Debug|Any CPU.ActiveCfg = Debug|Any CPU
		{5CC13BDC-A457-45DB-8240-E5719BC146C7}.Debug|Any CPU.Build.0 = Debug|Any CPU
		{5CC13BDC-A457-45DB-8240-E5719BC146C7}.Release|Any CPU.ActiveCfg = Release|Any CPU
		{5CC13BDC-A457-45DB-8240-E5719BC146C7}.Release|Any CPU.Build.0 = Release|Any CPU
	EndGlobalSection
	GlobalSection(SolutionProperties) = preSolution
		HideSolutionNode = FALSE
	EndGlobalSection
	GlobalSection(ExtensibilityGlobals) = postSolution
		SolutionGuid = {728711F9-D42E-4AB5-A0EE-F815E0F6EA75}
	EndGlobalSection
EndGlobal
