
Microsoft Visual Studio Solution File, Format Version 12.00
# Visual Studio Version 16
VisualStudioVersion = 16.0.31129.286
MinimumVisualStudioVersion = 10.0.40219.1
Project("{FAE04EC0-301F-11D3-BF4B-00C04F79EFBC}") = "Final_P_Test_(21-4)", "Final_P_Test_(21-4).csproj", "{F53606C2-B784-4848-99EF-210E199A7D5B}"
EndProject
Project("{54435603-DBB4-11D2-8724-00A0C9A8B90C}") = "CPU Installer", "..\CPU Installer\CPU Installer.vdproj", "{243470F3-4DEF-40B6-86DC-847FA5210706}"
EndProject
Global
	GlobalSection(SolutionConfigurationPlatforms) = preSolution
		Debug|Any CPU = Debug|Any CPU
		Release|Any CPU = Release|Any CPU
	EndGlobalSection
	GlobalSection(ProjectConfigurationPlatforms) = postSolution
		{F53606C2-B784-4848-99EF-210E199A7D5B}.Debug|Any CPU.ActiveCfg = Release|Any CPU
		{F53606C2-B784-4848-99EF-210E199A7D5B}.Debug|Any CPU.Build.0 = Release|Any CPU
		{F53606C2-B784-4848-99EF-210E199A7D5B}.Release|Any CPU.ActiveCfg = Release|Any CPU
		{F53606C2-B784-4848-99EF-210E199A7D5B}.Release|Any CPU.Build.0 = Release|Any CPU
		{243470F3-4DEF-40B6-86DC-847FA5210706}.Debug|Any CPU.ActiveCfg = Debug
		{243470F3-4DEF-40B6-86DC-847FA5210706}.Release|Any CPU.ActiveCfg = Release
	EndGlobalSection
	GlobalSection(SolutionProperties) = preSolution
		HideSolutionNode = FALSE
	EndGlobalSection
	GlobalSection(ExtensibilityGlobals) = postSolution
		SolutionGuid = {66397B44-1769-453B-8543-C2C611A901EF}
	EndGlobalSection
EndGlobal
